// !$*UTF8*$!
{
	archiveVersion = 1;
	classes = {
	};
	objectVersion = 56;
	objects = {

/* Begin PBXBuildFile section */
		719CAF3C2C107ED40093A6D7 /* AddNoteContentView.swift in Sources */ = {isa = PBXBuildFile; fileRef = 719CAF3B2C107ED40093A6D7 /* AddNoteContentView.swift */; };
		719CAF3E2C109B440093A6D7 /* NoteComponentContentView.swift in Sources */ = {isa = PBXBuildFile; fileRef = 719CAF3D2C109B440093A6D7 /* NoteComponentContentView.swift */; };
		719CAF462C10A8D10093A6D7 /* ChartElementContentView.swift in Sources */ = {isa = PBXBuildFile; fileRef = 719CAF452C10A8D10093A6D7 /* ChartElementContentView.swift */; };
		719CAF482C10ABF50093A6D7 /* MoodCounterContentView.swift in Sources */ = {isa = PBXBuildFile; fileRef = 719CAF472C10ABF50093A6D7 /* MoodCounterContentView.swift */; };
		719CAF4A2C10B2DC0093A6D7 /* SelectMoodContentView.swift in Sources */ = {isa = PBXBuildFile; fileRef = 719CAF492C10B2DC0093A6D7 /* SelectMoodContentView.swift */; };
		880B331E2C089AD700DE69CB /* CalmerApp.swift in Sources */ = {isa = PBXBuildFile; fileRef = 880B331D2C089AD700DE69CB /* CalmerApp.swift */; };
		880B33222C089AD900DE69CB /* Assets.xcassets in Resources */ = {isa = PBXBuildFile; fileRef = 880B33212C089AD900DE69CB /* Assets.xcassets */; };
		880B33252C089AD900DE69CB /* Preview Assets.xcassets in Resources */ = {isa = PBXBuildFile; fileRef = 880B33242C089AD900DE69CB /* Preview Assets.xcassets */; };
		880B332F2C089B7600DE69CB /* MainPageContentView.swift in Sources */ = {isa = PBXBuildFile; fileRef = 880B332E2C089B7600DE69CB /* MainPageContentView.swift */; };
		880B33312C089D8500DE69CB /* ContactsContentView.swift in Sources */ = {isa = PBXBuildFile; fileRef = 880B33302C089D8500DE69CB /* ContactsContentView.swift */; };
		880B33332C089DA800DE69CB /* AnimationContentView.swift in Sources */ = {isa = PBXBuildFile; fileRef = 880B33322C089DA800DE69CB /* AnimationContentView.swift */; };
		880B33352C089EFA00DE69CB /* TabsController.swift in Sources */ = {isa = PBXBuildFile; fileRef = 880B33342C089EFA00DE69CB /* TabsController.swift */; };
		880B33372C08A1F000DE69CB /* NotesContentView.swift in Sources */ = {isa = PBXBuildFile; fileRef = 880B33362C08A1F000DE69CB /* NotesContentView.swift */; };
		880B33392C08A20300DE69CB /* MusicContentView.swift in Sources */ = {isa = PBXBuildFile; fileRef = 880B33382C08A20300DE69CB /* MusicContentView.swift */; };
		880B333B2C0917F300DE69CB /* PhoneElementContentView.swift in Sources */ = {isa = PBXBuildFile; fileRef = 880B333A2C0917F300DE69CB /* PhoneElementContentView.swift */; };
		880B333D2C09E71400DE69CB /* SoundElementContentView.swift in Sources */ = {isa = PBXBuildFile; fileRef = 880B333C2C09E71400DE69CB /* SoundElementContentView.swift */; };
		880B333F2C09E97D00DE69CB /* LargeSoundElementContentView.swift in Sources */ = {isa = PBXBuildFile; fileRef = 880B333E2C09E97D00DE69CB /* LargeSoundElementContentView.swift */; };
		880B33492C0A1F4700DE69CB /* db.xcdatamodeld in Sources */ = {isa = PBXBuildFile; fileRef = 880B33472C0A1F4700DE69CB /* db.xcdatamodeld */; };
		880B334B2C0A253500DE69CB /* SoundItem.swift in Sources */ = {isa = PBXBuildFile; fileRef = 880B334A2C0A253500DE69CB /* SoundItem.swift */; };
		880B334D2C0A255D00DE69CB /* SoundViewModel.swift in Sources */ = {isa = PBXBuildFile; fileRef = 880B334C2C0A255D00DE69CB /* SoundViewModel.swift */; };
		880B334F2C0A408800DE69CB /* CoreDataController.swift in Sources */ = {isa = PBXBuildFile; fileRef = 880B334E2C0A408800DE69CB /* CoreDataController.swift */; };
		880B33512C0A620500DE69CB /* MusicPlayerContentView.swift in Sources */ = {isa = PBXBuildFile; fileRef = 880B33502C0A620500DE69CB /* MusicPlayerContentView.swift */; };
		880B335B2C0B418600DE69CB /* evening.mp3 in Resources */ = {isa = PBXBuildFile; fileRef = 880B33552C0B418400DE69CB /* evening.mp3 */; };
		880B335C2C0B418600DE69CB /* morning.mp3 in Resources */ = {isa = PBXBuildFile; fileRef = 880B33562C0B418400DE69CB /* morning.mp3 */; };
		880B335D2C0B418600DE69CB /* rain.mp3 in Resources */ = {isa = PBXBuildFile; fileRef = 880B33572C0B418500DE69CB /* rain.mp3 */; };
		880B335E2C0B418600DE69CB /* sea.mp3 in Resources */ = {isa = PBXBuildFile; fileRef = 880B33582C0B418500DE69CB /* sea.mp3 */; };
		880B33602C0B418600DE69CB /* fireplace.mp3 in Resources */ = {isa = PBXBuildFile; fileRef = 880B335A2C0B418600DE69CB /* fireplace.mp3 */; };
		880B33622C0B434300DE69CB /* SoundPlayerViewModel.swift in Sources */ = {isa = PBXBuildFile; fileRef = 880B33612C0B434300DE69CB /* SoundPlayerViewModel.swift */; };
		880B33642C0B4D1F00DE69CB /* river.mp3 in Resources */ = {isa = PBXBuildFile; fileRef = 880B33632C0B4D1F00DE69CB /* river.mp3 */; };
/* End PBXBuildFile section */

/* Begin PBXFileReference section */
		719CAF3B2C107ED40093A6D7 /* AddNoteContentView.swift */ = {isa = PBXFileReference; lastKnownFileType = sourcecode.swift; path = AddNoteContentView.swift; sourceTree = "<group>"; };
		719CAF3D2C109B440093A6D7 /* NoteComponentContentView.swift */ = {isa = PBXFileReference; lastKnownFileType = sourcecode.swift; path = NoteComponentContentView.swift; sourceTree = "<group>"; };
		719CAF452C10A8D10093A6D7 /* ChartElementContentView.swift */ = {isa = PBXFileReference; lastKnownFileType = sourcecode.swift; path = ChartElementContentView.swift; sourceTree = "<group>"; };
		719CAF472C10ABF50093A6D7 /* MoodCounterContentView.swift */ = {isa = PBXFileReference; lastKnownFileType = sourcecode.swift; path = MoodCounterContentView.swift; sourceTree = "<group>"; };
		719CAF492C10B2DC0093A6D7 /* SelectMoodContentView.swift */ = {isa = PBXFileReference; lastKnownFileType = sourcecode.swift; path = SelectMoodContentView.swift; sourceTree = "<group>"; };
		880B331A2C089AD700DE69CB /* Calmer.app */ = {isa = PBXFileReference; explicitFileType = wrapper.application; includeInIndex = 0; path = Calmer.app; sourceTree = BUILT_PRODUCTS_DIR; };
		880B331D2C089AD700DE69CB /* CalmerApp.swift */ = {isa = PBXFileReference; lastKnownFileType = sourcecode.swift; path = CalmerApp.swift; sourceTree = "<group>"; };
		880B33212C089AD900DE69CB /* Assets.xcassets */ = {isa = PBXFileReference; lastKnownFileType = folder.assetcatalog; path = Assets.xcassets; sourceTree = "<group>"; };
		880B33242C089AD900DE69CB /* Preview Assets.xcassets */ = {isa = PBXFileReference; lastKnownFileType = folder.assetcatalog; path = "Preview Assets.xcassets"; sourceTree = "<group>"; };
		880B332E2C089B7600DE69CB /* MainPageContentView.swift */ = {isa = PBXFileReference; lastKnownFileType = sourcecode.swift; path = MainPageContentView.swift; sourceTree = "<group>"; };
		880B33302C089D8500DE69CB /* ContactsContentView.swift */ = {isa = PBXFileReference; lastKnownFileType = sourcecode.swift; path = ContactsContentView.swift; sourceTree = "<group>"; };
		880B33322C089DA800DE69CB /* AnimationContentView.swift */ = {isa = PBXFileReference; lastKnownFileType = sourcecode.swift; path = AnimationContentView.swift; sourceTree = "<group>"; };
		880B33342C089EFA00DE69CB /* TabsController.swift */ = {isa = PBXFileReference; lastKnownFileType = sourcecode.swift; path = TabsController.swift; sourceTree = "<group>"; };
		880B33362C08A1F000DE69CB /* NotesContentView.swift */ = {isa = PBXFileReference; lastKnownFileType = sourcecode.swift; path = NotesContentView.swift; sourceTree = "<group>"; };
		880B33382C08A20300DE69CB /* MusicContentView.swift */ = {isa = PBXFileReference; lastKnownFileType = sourcecode.swift; path = MusicContentView.swift; sourceTree = "<group>"; };
		880B333A2C0917F300DE69CB /* PhoneElementContentView.swift */ = {isa = PBXFileReference; lastKnownFileType = sourcecode.swift; path = PhoneElementContentView.swift; sourceTree = "<group>"; };
		880B333C2C09E71400DE69CB /* SoundElementContentView.swift */ = {isa = PBXFileReference; lastKnownFileType = sourcecode.swift; path = SoundElementContentView.swift; sourceTree = "<group>"; };
		880B333E2C09E97D00DE69CB /* LargeSoundElementContentView.swift */ = {isa = PBXFileReference; lastKnownFileType = sourcecode.swift; path = LargeSoundElementContentView.swift; sourceTree = "<group>"; };
		880B33482C0A1F4700DE69CB /* db.xcdatamodel */ = {isa = PBXFileReference; lastKnownFileType = wrapper.xcdatamodel; path = db.xcdatamodel; sourceTree = "<group>"; };
		880B334A2C0A253500DE69CB /* SoundItem.swift */ = {isa = PBXFileReference; lastKnownFileType = sourcecode.swift; path = SoundItem.swift; sourceTree = "<group>"; };
		880B334C2C0A255D00DE69CB /* SoundViewModel.swift */ = {isa = PBXFileReference; lastKnownFileType = sourcecode.swift; path = SoundViewModel.swift; sourceTree = "<group>"; };
		880B334E2C0A408800DE69CB /* CoreDataController.swift */ = {isa = PBXFileReference; lastKnownFileType = sourcecode.swift; path = CoreDataController.swift; sourceTree = "<group>"; };
		880B33502C0A620500DE69CB /* MusicPlayerContentView.swift */ = {isa = PBXFileReference; lastKnownFileType = sourcecode.swift; path = MusicPlayerContentView.swift; sourceTree = "<group>"; };
		880B33552C0B418400DE69CB /* evening.mp3 */ = {isa = PBXFileReference; lastKnownFileType = audio.mp3; path = evening.mp3; sourceTree = "<group>"; };
		880B33562C0B418400DE69CB /* morning.mp3 */ = {isa = PBXFileReference; lastKnownFileType = audio.mp3; path = morning.mp3; sourceTree = "<group>"; };
		880B33572C0B418500DE69CB /* rain.mp3 */ = {isa = PBXFileReference; lastKnownFileType = audio.mp3; path = rain.mp3; sourceTree = "<group>"; };
		880B33582C0B418500DE69CB /* sea.mp3 */ = {isa = PBXFileReference; lastKnownFileType = audio.mp3; path = sea.mp3; sourceTree = "<group>"; };
		880B335A2C0B418600DE69CB /* fireplace.mp3 */ = {isa = PBXFileReference; lastKnownFileType = audio.mp3; path = fireplace.mp3; sourceTree = "<group>"; };
		880B33612C0B434300DE69CB /* SoundPlayerViewModel.swift */ = {isa = PBXFileReference; lastKnownFileType = sourcecode.swift; path = SoundPlayerViewModel.swift; sourceTree = "<group>"; };
		880B33632C0B4D1F00DE69CB /* river.mp3 */ = {isa = PBXFileReference; lastKnownFileType = audio.mp3; path = river.mp3; sourceTree = "<group>"; };
/* End PBXFileReference section */

/* Begin PBXFrameworksBuildPhase section */
		880B33172C089AD700DE69CB /* Frameworks */ = {
			isa = PBXFrameworksBuildPhase;
			buildActionMask = 2147483647;
			files = (
			);
			runOnlyForDeploymentPostprocessing = 0;
		};
/* End PBXFrameworksBuildPhase section */

/* Begin PBXGroup section */
		719CAF3F2C10A4D60093A6D7 /* Elements */ = {
			isa = PBXGroup;
			children = (
				719CAF4B2C10B2E30093A6D7 /* emoji */,
				719CAF422C10A5490093A6D7 /* Chart */,
				719CAF412C10A5080093A6D7 /* Music */,
				719CAF402C10A4DF0093A6D7 /* Note */,
			);
			path = Elements;
			sourceTree = "<group>";
		};
		719CAF402C10A4DF0093A6D7 /* Note */ = {
			isa = PBXGroup;
			children = (
				719CAF3D2C109B440093A6D7 /* NoteComponentContentView.swift */,
			);
			path = Note;
			sourceTree = "<group>";
		};
		719CAF412C10A5080093A6D7 /* Music */ = {
			isa = PBXGroup;
			children = (
				880B333A2C0917F300DE69CB /* PhoneElementContentView.swift */,
				880B333C2C09E71400DE69CB /* SoundElementContentView.swift */,
				880B333E2C09E97D00DE69CB /* LargeSoundElementContentView.swift */,
			);
			path = Music;
			sourceTree = "<group>";
		};
		719CAF422C10A5490093A6D7 /* Chart */ = {
			isa = PBXGroup;
			children = (
				719CAF452C10A8D10093A6D7 /* ChartElementContentView.swift */,
				719CAF472C10ABF50093A6D7 /* MoodCounterContentView.swift */,
			);
			path = Chart;
			sourceTree = "<group>";
		};
		719CAF4B2C10B2E30093A6D7 /* emoji */ = {
			isa = PBXGroup;
			children = (
				719CAF492C10B2DC0093A6D7 /* SelectMoodContentView.swift */,
			);
			path = emoji;
			sourceTree = "<group>";
		};
		880B33112C089AD700DE69CB = {
			isa = PBXGroup;
			children = (
				880B331C2C089AD700DE69CB /* Calmer */,
				880B331B2C089AD700DE69CB /* Products */,
			);
			sourceTree = "<group>";
		};
		880B331B2C089AD700DE69CB /* Products */ = {
			isa = PBXGroup;
			children = (
				880B331A2C089AD700DE69CB /* Calmer.app */,
			);
			name = Products;
			sourceTree = "<group>";
		};
		880B331C2C089AD700DE69CB /* Calmer */ = {
			isa = PBXGroup;
			children = (
				880B33522C0B409200DE69CB /* Music */,
				880B33472C0A1F4700DE69CB /* db.xcdatamodeld */,
				880B332D2C089B4200DE69CB /* ViewModel */,
				880B332C2C089B3A00DE69CB /* Model */,
				880B332B2C089B2600DE69CB /* View */,
				880B331D2C089AD700DE69CB /* CalmerApp.swift */,
				880B33212C089AD900DE69CB /* Assets.xcassets */,
				880B33232C089AD900DE69CB /* Preview Content */,
			);
			path = Calmer;
			sourceTree = "<group>";
		};
		880B33232C089AD900DE69CB /* Preview Content */ = {
			isa = PBXGroup;
			children = (
				880B33242C089AD900DE69CB /* Preview Assets.xcassets */,
			);
			path = "Preview Content";
			sourceTree = "<group>";
		};
		880B332B2C089B2600DE69CB /* View */ = {
			isa = PBXGroup;
			children = (
				719CAF3F2C10A4D60093A6D7 /* Elements */,
				880B33342C089EFA00DE69CB /* TabsController.swift */,
				880B332E2C089B7600DE69CB /* MainPageContentView.swift */,
				880B33302C089D8500DE69CB /* ContactsContentView.swift */,
				880B33322C089DA800DE69CB /* AnimationContentView.swift */,
				880B33362C08A1F000DE69CB /* NotesContentView.swift */,
				880B33382C08A20300DE69CB /* MusicContentView.swift */,
				880B33502C0A620500DE69CB /* MusicPlayerContentView.swift */,
				719CAF3B2C107ED40093A6D7 /* AddNoteContentView.swift */,
			);
			path = View;
			sourceTree = "<group>";
		};
		880B332C2C089B3A00DE69CB /* Model */ = {
			isa = PBXGroup;
			children = (
				880B334A2C0A253500DE69CB /* SoundItem.swift */,
				880B334E2C0A408800DE69CB /* CoreDataController.swift */,
			);
			path = Model;
			sourceTree = "<group>";
		};
		880B332D2C089B4200DE69CB /* ViewModel */ = {
			isa = PBXGroup;
			children = (
				880B334C2C0A255D00DE69CB /* SoundViewModel.swift */,
				880B33612C0B434300DE69CB /* SoundPlayerViewModel.swift */,
			);
			path = ViewModel;
			sourceTree = "<group>";
		};
		880B33522C0B409200DE69CB /* Music */ = {
			isa = PBXGroup;
			children = (
				880B33632C0B4D1F00DE69CB /* river.mp3 */,
				880B33552C0B418400DE69CB /* evening.mp3 */,
				880B335A2C0B418600DE69CB /* fireplace.mp3 */,
				880B33562C0B418400DE69CB /* morning.mp3 */,
				880B33572C0B418500DE69CB /* rain.mp3 */,
				880B33582C0B418500DE69CB /* sea.mp3 */,
			);
			path = Music;
			sourceTree = "<group>";
		};
/* End PBXGroup section */

/* Begin PBXNativeTarget section */
		880B33192C089AD700DE69CB /* Calmer */ = {
			isa = PBXNativeTarget;
			buildConfigurationList = 880B33282C089AD900DE69CB /* Build configuration list for PBXNativeTarget "Calmer" */;
			buildPhases = (
				880B33162C089AD700DE69CB /* Sources */,
				880B33172C089AD700DE69CB /* Frameworks */,
				880B33182C089AD700DE69CB /* Resources */,
			);
			buildRules = (
			);
			dependencies = (
			);
			name = Calmer;
			productName = Calmer;
			productReference = 880B331A2C089AD700DE69CB /* Calmer.app */;
			productType = "com.apple.product-type.application";
		};
/* End PBXNativeTarget section */

/* Begin PBXProject section */
		880B33122C089AD700DE69CB /* Project object */ = {
			isa = PBXProject;
			attributes = {
				BuildIndependentTargetsInParallel = 1;
				LastSwiftUpdateCheck = 1500;
				LastUpgradeCheck = 1500;
				TargetAttributes = {
					880B33192C089AD700DE69CB = {
						CreatedOnToolsVersion = 15.0;
					};
				};
			};
			buildConfigurationList = 880B33152C089AD700DE69CB /* Build configuration list for PBXProject "Calmer" */;
			compatibilityVersion = "Xcode 14.0";
			developmentRegion = en;
			hasScannedForEncodings = 0;
			knownRegions = (
				en,
				Base,
			);
			mainGroup = 880B33112C089AD700DE69CB;
			productRefGroup = 880B331B2C089AD700DE69CB /* Products */;
			projectDirPath = "";
			projectRoot = "";
			targets = (
				880B33192C089AD700DE69CB /* Calmer */,
			);
		};
/* End PBXProject section */

/* Begin PBXResourcesBuildPhase section */
		880B33182C089AD700DE69CB /* Resources */ = {
			isa = PBXResourcesBuildPhase;
			buildActionMask = 2147483647;
			files = (
				880B335E2C0B418600DE69CB /* sea.mp3 in Resources */,
				880B33252C089AD900DE69CB /* Preview Assets.xcassets in Resources */,
				880B335D2C0B418600DE69CB /* rain.mp3 in Resources */,
				880B33222C089AD900DE69CB /* Assets.xcassets in Resources */,
				880B335B2C0B418600DE69CB /* evening.mp3 in Resources */,
				880B33602C0B418600DE69CB /* fireplace.mp3 in Resources */,
				880B335C2C0B418600DE69CB /* morning.mp3 in Resources */,
				880B33642C0B4D1F00DE69CB /* river.mp3 in Resources */,
			);
			runOnlyForDeploymentPostprocessing = 0;
		};
/* End PBXResourcesBuildPhase section */

/* Begin PBXSourcesBuildPhase section */
		880B33162C089AD700DE69CB /* Sources */ = {
			isa = PBXSourcesBuildPhase;
			buildActionMask = 2147483647;
			files = (
				719CAF462C10A8D10093A6D7 /* ChartElementContentView.swift in Sources */,
				880B33352C089EFA00DE69CB /* TabsController.swift in Sources */,
				880B33312C089D8500DE69CB /* ContactsContentView.swift in Sources */,
				880B333B2C0917F300DE69CB /* PhoneElementContentView.swift in Sources */,
				880B333F2C09E97D00DE69CB /* LargeSoundElementContentView.swift in Sources */,
				719CAF3C2C107ED40093A6D7 /* AddNoteContentView.swift in Sources */,
				880B33492C0A1F4700DE69CB /* db.xcdatamodeld in Sources */,
				880B331E2C089AD700DE69CB /* CalmerApp.swift in Sources */,
				880B334B2C0A253500DE69CB /* SoundItem.swift in Sources */,
				880B33622C0B434300DE69CB /* SoundPlayerViewModel.swift in Sources */,
				880B332F2C089B7600DE69CB /* MainPageContentView.swift in Sources */,
				880B33372C08A1F000DE69CB /* NotesContentView.swift in Sources */,
				880B334D2C0A255D00DE69CB /* SoundViewModel.swift in Sources */,
				719CAF4A2C10B2DC0093A6D7 /* SelectMoodContentView.swift in Sources */,
				880B334F2C0A408800DE69CB /* CoreDataController.swift in Sources */,
				880B33512C0A620500DE69CB /* MusicPlayerContentView.swift in Sources */,
				880B33392C08A20300DE69CB /* MusicContentView.swift in Sources */,
				719CAF482C10ABF50093A6D7 /* MoodCounterContentView.swift in Sources */,
				880B33332C089DA800DE69CB /* AnimationContentView.swift in Sources */,
				719CAF3E2C109B440093A6D7 /* NoteComponentContentView.swift in Sources */,
				880B333D2C09E71400DE69CB /* SoundElementContentView.swift in Sources */,
			);
			runOnlyForDeploymentPostprocessing = 0;
		};
/* End PBXSourcesBuildPhase section */

/* Begin XCBuildConfiguration section */
		880B33262C089AD900DE69CB /* Debug */ = {
			isa = XCBuildConfiguration;
			buildSettings = {
				ALWAYS_SEARCH_USER_PATHS = NO;
				ASSETCATALOG_COMPILER_GENERATE_SWIFT_ASSET_SYMBOL_EXTENSIONS = YES;
				CLANG_ANALYZER_NONNULL = YES;
				CLANG_ANALYZER_NUMBER_OBJECT_CONVERSION = YES_AGGRESSIVE;
				CLANG_CXX_LANGUAGE_STANDARD = "gnu++20";
				CLANG_ENABLE_MODULES = YES;
				CLANG_ENABLE_OBJC_ARC = YES;
				CLANG_ENABLE_OBJC_WEAK = YES;
				CLANG_WARN_BLOCK_CAPTURE_AUTORELEASING = YES;
				CLANG_WARN_BOOL_CONVERSION = YES;
				CLANG_WARN_COMMA = YES;
				CLANG_WARN_CONSTANT_CONVERSION = YES;
				CLANG_WARN_DEPRECATED_OBJC_IMPLEMENTATIONS = YES;
				CLANG_WARN_DIRECT_OBJC_ISA_USAGE = YES_ERROR;
				CLANG_WARN_DOCUMENTATION_COMMENTS = YES;
				CLANG_WARN_EMPTY_BODY = YES;
				CLANG_WARN_ENUM_CONVERSION = YES;
				CLANG_WARN_INFINITE_RECURSION = YES;
				CLANG_WARN_INT_CONVERSION = YES;
				CLANG_WARN_NON_LITERAL_NULL_CONVERSION = YES;
				CLANG_WARN_OBJC_IMPLICIT_RETAIN_SELF = YES;
				CLANG_WARN_OBJC_LITERAL_CONVERSION = YES;
				CLANG_WARN_OBJC_ROOT_CLASS = YES_ERROR;
				CLANG_WARN_QUOTED_INCLUDE_IN_FRAMEWORK_HEADER = YES;
				CLANG_WARN_RANGE_LOOP_ANALYSIS = YES;
				CLANG_WARN_STRICT_PROTOTYPES = YES;
				CLANG_WARN_SUSPICIOUS_MOVE = YES;
				CLANG_WARN_UNGUARDED_AVAILABILITY = YES_AGGRESSIVE;
				CLANG_WARN_UNREACHABLE_CODE = YES;
				CLANG_WARN__DUPLICATE_METHOD_MATCH = YES;
				COPY_PHASE_STRIP = NO;
				DEBUG_INFORMATION_FORMAT = dwarf;
				ENABLE_STRICT_OBJC_MSGSEND = YES;
				ENABLE_TESTABILITY = YES;
				ENABLE_USER_SCRIPT_SANDBOXING = YES;
				GCC_C_LANGUAGE_STANDARD = gnu17;
				GCC_DYNAMIC_NO_PIC = NO;
				GCC_NO_COMMON_BLOCKS = YES;
				GCC_OPTIMIZATION_LEVEL = 0;
				GCC_PREPROCESSOR_DEFINITIONS = (
					"DEBUG=1",
					"$(inherited)",
				);
				GCC_WARN_64_TO_32_BIT_CONVERSION = YES;
				GCC_WARN_ABOUT_RETURN_TYPE = YES_ERROR;
				GCC_WARN_UNDECLARED_SELECTOR = YES;
				GCC_WARN_UNINITIALIZED_AUTOS = YES_AGGRESSIVE;
				GCC_WARN_UNUSED_FUNCTION = YES;
				GCC_WARN_UNUSED_VARIABLE = YES;
				IPHONEOS_DEPLOYMENT_TARGET = 17.0;
				LOCALIZATION_PREFERS_STRING_CATALOGS = YES;
				MTL_ENABLE_DEBUG_INFO = INCLUDE_SOURCE;
				MTL_FAST_MATH = YES;
				ONLY_ACTIVE_ARCH = YES;
				SDKROOT = iphoneos;
				SWIFT_ACTIVE_COMPILATION_CONDITIONS = "DEBUG $(inherited)";
				SWIFT_OPTIMIZATION_LEVEL = "-Onone";
			};
			name = Debug;
		};
		880B33272C089AD900DE69CB /* Release */ = {
			isa = XCBuildConfiguration;
			buildSettings = {
				ALWAYS_SEARCH_USER_PATHS = NO;
				ASSETCATALOG_COMPILER_GENERATE_SWIFT_ASSET_SYMBOL_EXTENSIONS = YES;
				CLANG_ANALYZER_NONNULL = YES;
				CLANG_ANALYZER_NUMBER_OBJECT_CONVERSION = YES_AGGRESSIVE;
				CLANG_CXX_LANGUAGE_STANDARD = "gnu++20";
				CLANG_ENABLE_MODULES = YES;
				CLANG_ENABLE_OBJC_ARC = YES;
				CLANG_ENABLE_OBJC_WEAK = YES;
				CLANG_WARN_BLOCK_CAPTURE_AUTORELEASING = YES;
				CLANG_WARN_BOOL_CONVERSION = YES;
				CLANG_WARN_COMMA = YES;
				CLANG_WARN_CONSTANT_CONVERSION = YES;
				CLANG_WARN_DEPRECATED_OBJC_IMPLEMENTATIONS = YES;
				CLANG_WARN_DIRECT_OBJC_ISA_USAGE = YES_ERROR;
				CLANG_WARN_DOCUMENTATION_COMMENTS = YES;
				CLANG_WARN_EMPTY_BODY = YES;
				CLANG_WARN_ENUM_CONVERSION = YES;
				CLANG_WARN_INFINITE_RECURSION = YES;
				CLANG_WARN_INT_CONVERSION = YES;
				CLANG_WARN_NON_LITERAL_NULL_CONVERSION = YES;
				CLANG_WARN_OBJC_IMPLICIT_RETAIN_SELF = YES;
				CLANG_WARN_OBJC_LITERAL_CONVERSION = YES;
				CLANG_WARN_OBJC_ROOT_CLASS = YES_ERROR;
				CLANG_WARN_QUOTED_INCLUDE_IN_FRAMEWORK_HEADER = YES;
				CLANG_WARN_RANGE_LOOP_ANALYSIS = YES;
				CLANG_WARN_STRICT_PROTOTYPES = YES;
				CLANG_WARN_SUSPICIOUS_MOVE = YES;
				CLANG_WARN_UNGUARDED_AVAILABILITY = YES_AGGRESSIVE;
				CLANG_WARN_UNREACHABLE_CODE = YES;
				CLANG_WARN__DUPLICATE_METHOD_MATCH = YES;
				COPY_PHASE_STRIP = NO;
				DEBUG_INFORMATION_FORMAT = "dwarf-with-dsym";
				ENABLE_NS_ASSERTIONS = NO;
				ENABLE_STRICT_OBJC_MSGSEND = YES;
				ENABLE_USER_SCRIPT_SANDBOXING = YES;
				GCC_C_LANGUAGE_STANDARD = gnu17;
				GCC_NO_COMMON_BLOCKS = YES;
				GCC_WARN_64_TO_32_BIT_CONVERSION = YES;
				GCC_WARN_ABOUT_RETURN_TYPE = YES_ERROR;
				GCC_WARN_UNDECLARED_SELECTOR = YES;
				GCC_WARN_UNINITIALIZED_AUTOS = YES_AGGRESSIVE;
				GCC_WARN_UNUSED_FUNCTION = YES;
				GCC_WARN_UNUSED_VARIABLE = YES;
				IPHONEOS_DEPLOYMENT_TARGET = 17.0;
				LOCALIZATION_PREFERS_STRING_CATALOGS = YES;
				MTL_ENABLE_DEBUG_INFO = NO;
				MTL_FAST_MATH = YES;
				SDKROOT = iphoneos;
				SWIFT_COMPILATION_MODE = wholemodule;
				VALIDATE_PRODUCT = YES;
			};
			name = Release;
		};
		880B33292C089AD900DE69CB /* Debug */ = {
			isa = XCBuildConfiguration;
			buildSettings = {
				ASSETCATALOG_COMPILER_APPICON_NAME = AppIcon;
				ASSETCATALOG_COMPILER_GLOBAL_ACCENT_COLOR_NAME = AccentColor;
				CODE_SIGN_STYLE = Automatic;
				CURRENT_PROJECT_VERSION = 1;
				DEVELOPMENT_ASSET_PATHS = "\"Calmer/Preview Content\"";
				ENABLE_PREVIEWS = YES;
				GENERATE_INFOPLIST_FILE = YES;
				INFOPLIST_KEY_UIApplicationSceneManifest_Generation = YES;
				INFOPLIST_KEY_UIApplicationSupportsIndirectInputEvents = YES;
				INFOPLIST_KEY_UILaunchScreen_Generation = YES;
				INFOPLIST_KEY_UISupportedInterfaceOrientations_iPad = "UIInterfaceOrientationPortrait UIInterfaceOrientationPortraitUpsideDown UIInterfaceOrientationLandscapeLeft UIInterfaceOrientationLandscapeRight";
				INFOPLIST_KEY_UISupportedInterfaceOrientations_iPhone = "UIInterfaceOrientationPortrait UIInterfaceOrientationLandscapeLeft UIInterfaceOrientationLandscapeRight";
				LD_RUNPATH_SEARCH_PATHS = (
					"$(inherited)",
					"@executable_path/Frameworks",
				);
				MARKETING_VERSION = 1.0;
				PRODUCT_BUNDLE_IDENTIFIER = mendelu.Calmer;
				PRODUCT_NAME = "$(TARGET_NAME)";
				SWIFT_EMIT_LOC_STRINGS = YES;
				SWIFT_VERSION = 5.0;
				TARGETED_DEVICE_FAMILY = "1,2";
			};
			name = Debug;
		};
		880B332A2C089AD900DE69CB /* Release */ = {
			isa = XCBuildConfiguration;
			buildSettings = {
				ASSETCATALOG_COMPILER_APPICON_NAME = AppIcon;
				ASSETCATALOG_COMPILER_GLOBAL_ACCENT_COLOR_NAME = AccentColor;
				CODE_SIGN_STYLE = Automatic;
				CURRENT_PROJECT_VERSION = 1;
				DEVELOPMENT_ASSET_PATHS = "\"Calmer/Preview Content\"";
				ENABLE_PREVIEWS = YES;
				GENERATE_INFOPLIST_FILE = YES;
				INFOPLIST_KEY_UIApplicationSceneManifest_Generation = YES;
				INFOPLIST_KEY_UIApplicationSupportsIndirectInputEvents = YES;
				INFOPLIST_KEY_UILaunchScreen_Generation = YES;
				INFOPLIST_KEY_UISupportedInterfaceOrientations_iPad = "UIInterfaceOrientationPortrait UIInterfaceOrientationPortraitUpsideDown UIInterfaceOrientationLandscapeLeft UIInterfaceOrientationLandscapeRight";
				INFOPLIST_KEY_UISupportedInterfaceOrientations_iPhone = "UIInterfaceOrientationPortrait UIInterfaceOrientationLandscapeLeft UIInterfaceOrientationLandscapeRight";
				LD_RUNPATH_SEARCH_PATHS = (
					"$(inherited)",
					"@executable_path/Frameworks",
				);
				MARKETING_VERSION = 1.0;
				PRODUCT_BUNDLE_IDENTIFIER = mendelu.Calmer;
				PRODUCT_NAME = "$(TARGET_NAME)";
				SWIFT_EMIT_LOC_STRINGS = YES;
				SWIFT_VERSION = 5.0;
				TARGETED_DEVICE_FAMILY = "1,2";
			};
			name = Release;
		};
/* End XCBuildConfiguration section */

/* Begin XCConfigurationList section */
		880B33152C089AD700DE69CB /* Build configuration list for PBXProject "Calmer" */ = {
			isa = XCConfigurationList;
			buildConfigurations = (
				880B33262C089AD900DE69CB /* Debug */,
				880B33272C089AD900DE69CB /* Release */,
			);
			defaultConfigurationIsVisible = 0;
			defaultConfigurationName = Release;
		};
		880B33282C089AD900DE69CB /* Build configuration list for PBXNativeTarget "Calmer" */ = {
			isa = XCConfigurationList;
			buildConfigurations = (
				880B33292C089AD900DE69CB /* Debug */,
				880B332A2C089AD900DE69CB /* Release */,
			);
			defaultConfigurationIsVisible = 0;
			defaultConfigurationName = Release;
		};
/* End XCConfigurationList section */

/* Begin XCVersionGroup section */
		880B33472C0A1F4700DE69CB /* db.xcdatamodeld */ = {
			isa = XCVersionGroup;
			children = (
				880B33482C0A1F4700DE69CB /* db.xcdatamodel */,
			);
			currentVersion = 880B33482C0A1F4700DE69CB /* db.xcdatamodel */;
			path = db.xcdatamodeld;
			sourceTree = "<group>";
			versionGroupType = wrapper.xcdatamodel;
		};
/* End XCVersionGroup section */
	};
	rootObject = 880B33122C089AD700DE69CB /* Project object */;
}
